<?xml version="1.0" encoding="utf-8"?>
<Project ToolsVersion="4.0" xmlns="http://schemas.microsoft.com/developer/msbuild/2003">
  <ItemGroup>
    <Filter Include="Source Files">
      <UniqueIdentifier>{4FC737F1-C7A5-4376-A066-2A32D752A2FF}</UniqueIdentifier>
      <Extensions>cpp;c;cc;cxx;c++;cppm;ixx;def;odl;idl;hpj;bat;asm;asmx</Extensions>
    </Filter>
    <Filter Include="Header Files">
      <UniqueIdentifier>{93995380-89BD-4b04-88EB-625FBE52EBFB}</UniqueIdentifier>
      <Extensions>h;hh;hpp;hxx;h++;hm;inl;inc;ipp;xsd</Extensions>
    </Filter>
    <Filter Include="Resource Files">
      <UniqueIdentifier>{67DA6AB6-F800-4c08-8B7A-83BB121AAD01}</UniqueIdentifier>
      <Extensions>rc;ico;cur;bmp;dlg;rc2;rct;bin;rgs;gif;jpg;jpeg;jpe;resx;tiff;tif;png;wav;mfcribbon-ms</Extensions>
    </Filter>
    <Filter Include="Presentation">
      <UniqueIdentifier>{66e86eef-f6f2-4cd7-9496-7b43155989ac}</UniqueIdentifier>
    </Filter>
    <Filter Include="Business">
      <UniqueIdentifier>{f3068948-561a-4386-b079-edbffda71e80}</UniqueIdentifier>
    </Filter>
    <Filter Include="Persistence">
      <UniqueIdentifier>{def4647d-8832-4503-9f9f-ea9a0263f381}</UniqueIdentifier>
    </Filter>
    <Filter Include="Domain">
      <UniqueIdentifier>{a671b4da-aad4-4887-bd86-011bb39912c9}</UniqueIdentifier>
    </Filter>
    <Filter Include="Validation">
      <UniqueIdentifier>{777360d2-1638-455c-b809-1d8b4cccfb49}</UniqueIdentifier>
    </Filter>
    <Filter Include="Test">
      <UniqueIdentifier>{4c80197e-9289-4dba-8900-9ae37532f450}</UniqueIdentifier>
    </Filter>
    <Filter Include="List">
      <UniqueIdentifier>{249f17b6-cc0c-4f71-864b-3825132cbe4d}</UniqueIdentifier>
    </Filter>
    <Filter Include="Error">
      <UniqueIdentifier>{71f61a68-1c66-483e-9032-ad3f6de84fcf}</UniqueIdentifier>
    </Filter>
  </ItemGroup>
  <ItemGroup>
    <ClCompile Include="main.cpp">
      <Filter>Source Files</Filter>
    </ClCompile>
    <ClCompile Include="UserInterface.cpp">
      <Filter>Presentation</Filter>
    </ClCompile>
    <ClCompile Include="Service.cpp">
      <Filter>Business</Filter>
    </ClCompile>
    <ClCompile Include="Repository.cpp">
      <Filter>Persistence</Filter>
    </ClCompile>
    <ClCompile Include="ValueObject.cpp">
      <Filter>Domain</Filter>
    </ClCompile>
    <ClCompile Include="Validator.cpp">
      <Filter>Validation</Filter>
    </ClCompile>
    <ClCompile Include="Test.cpp">
      <Filter>Test</Filter>
    </ClCompile>
<<<<<<< HEAD
<<<<<<< HEAD
    <ClCompile Include="WishList.cpp">
      <Filter>Persistence</Filter>
    </ClCompile>
=======
=======
>>>>>>> 0e98786e1e605535b168fa2c5265bf61cf2746f9
    <ClCompile Include="DynamicArray.cpp">
      <Filter>List</Filter>
    </ClCompile>
    <ClCompile Include="Exception.cpp">
      <Filter>Error</Filter>
    </ClCompile>
    <ClCompile Include="WishList.cpp">
      <Filter>Persistence</Filter>
    </ClCompile>
    <ClCompile Include="Undo.cpp">
      <Filter>Persistence</Filter>
    </ClCompile>
<<<<<<< HEAD
>>>>>>> 0e98786e1e605535b168fa2c5265bf61cf2746f9
=======
>>>>>>> 0e98786e1e605535b168fa2c5265bf61cf2746f9
  </ItemGroup>
  <ItemGroup>
    <ClInclude Include="UserInterface.h">
      <Filter>Presentation</Filter>
    </ClInclude>
    <ClInclude Include="Service.h">
      <Filter>Business</Filter>
    </ClInclude>
    <ClInclude Include="Repository.h">
      <Filter>Persistence</Filter>
    </ClInclude>
    <ClInclude Include="ValueObject.h">
      <Filter>Domain</Filter>
    </ClInclude>
    <ClInclude Include="Validator.h">
      <Filter>Validation</Filter>
    </ClInclude>
    <ClInclude Include="Test.h">
      <Filter>Test</Filter>
    </ClInclude>
    <ClInclude Include="DynamicArray.h">
      <Filter>List</Filter>
    </ClInclude>
    <ClInclude Include="Exception.h">
      <Filter>Error</Filter>
    </ClInclude>
    <ClInclude Include="WishList.h">
      <Filter>Persistence</Filter>
    </ClInclude>
    <ClInclude Include="Undo.h">
      <Filter>Persistence</Filter>
    </ClInclude>
  </ItemGroup>
  <ItemGroup>
    <Text Include="offers_file.txt" />
    <Text Include="offers_file_test.txt" />
<<<<<<< HEAD
<<<<<<< HEAD
    <Text Include="offers_file_test_read_only.txt" />
=======
>>>>>>> 0e98786e1e605535b168fa2c5265bf61cf2746f9
=======
>>>>>>> 0e98786e1e605535b168fa2c5265bf61cf2746f9
  </ItemGroup>
</Project>